
Microsoft Visual Studio Solution File, Format Version 12.00
Project("{FAE04EC0-301F-11D3-BF4B-00C04F79EFBC}") = "epi", "epi\epi.csproj", "{7D4AA2AA-83D3-4709-9528-AFFB931C61EB}"
EndProject
Global
	GlobalSection(SolutionConfigurationPlatforms) = preSolution
		Debug|Any CPU = Debug|Any CPU
		Release|Any CPU = Release|Any CPU
	EndGlobalSection
	GlobalSection(ProjectConfigurationPlatforms) = postSolution
		{7D4AA2AA-83D3-4709-9528-AFFB931C61EB}.Debug|Any CPU.ActiveCfg = Debug|Any CPU
		{7D4AA2AA-83D3-4709-9528-AFFB931C61EB}.Debug|Any CPU.Build.0 = Debug|Any CPU
		{7D4AA2AA-83D3-4709-9528-AFFB931C61EB}.Release|Any CPU.ActiveCfg = Release|Any CPU
		{7D4AA2AA-83D3-4709-9528-AFFB931C61EB}.Release|Any CPU.Build.0 = Release|Any CPU
	EndGlobalSection
EndGlobal
